
Microsoft Visual Studio Solution File, Format Version 12.00
# Visual Studio 15
VisualStudioVersion = 15.0.28010.2036
MinimumVisualStudioVersion = 10.0.40219.1
Project("{FAE04EC0-301F-11D3-BF4B-00C04F79EFBC}") = "Labradornaya5(client)", "Labradornaya5(client)\Labradornaya5(client).csproj", "{F5EFF12B-BA99-4145-80B9-309E9147D4FA}"
EndProject
Global
	GlobalSection(SolutionConfigurationPlatforms) = preSolution
		Debug|Any CPU = Debug|Any CPU
		Release|Any CPU = Release|Any CPU
	EndGlobalSection
	GlobalSection(ProjectConfigurationPlatforms) = postSolution
		{F5EFF12B-BA99-4145-80B9-309E9147D4FA}.Debug|Any CPU.ActiveCfg = Debug|Any CPU
		{F5EFF12B-BA99-4145-80B9-309E9147D4FA}.Debug|Any CPU.Build.0 = Debug|Any CPU
		{F5EFF12B-BA99-4145-80B9-309E9147D4FA}.Release|Any CPU.ActiveCfg = Release|Any CPU
		{F5EFF12B-BA99-4145-80B9-309E9147D4FA}.Release|Any CPU.Build.0 = Release|Any CPU
	EndGlobalSection
	GlobalSection(SolutionProperties) = preSolution
		HideSolutionNode = FALSE
	EndGlobalSection
	GlobalSection(ExtensibilityGlobals) = postSolution
		SolutionGuid = {E732D3DA-92D4-47C3-81BB-6015FDE2F48B}
	EndGlobalSection
EndGlobal
